<?xml version="1.0" encoding="utf-8"?>
<Project ToolsVersion="4.0" xmlns="http://schemas.microsoft.com/developer/msbuild/2003">
  <ItemGroup>
    <Filter Include="Source Files">
      <UniqueIdentifier>{4FC737F1-C7A5-4376-A066-2A32D752A2FF}</UniqueIdentifier>
      <Extensions>cpp;c;cc;cxx;c++;cppm;ixx;def;odl;idl;hpj;bat;asm;asmx</Extensions>
    </Filter>
    <Filter Include="Header Files">
      <UniqueIdentifier>{93995380-89BD-4b04-88EB-625FBE52EBFB}</UniqueIdentifier>
      <Extensions>h;hh;hpp;hxx;h++;hm;inl;inc;ipp;xsd</Extensions>
    </Filter>
    <Filter Include="Resource Files">
      <UniqueIdentifier>{67DA6AB6-F800-4c08-8B7A-83BB121AAD01}</UniqueIdentifier>
      <Extensions>rc;ico;cur;bmp;dlg;rc2;rct;bin;rgs;gif;jpg;jpeg;jpe;resx;tiff;tif;png;wav;mfcribbon-ms</Extensions>
    </Filter>
  </ItemGroup>
  <ItemGroup>
    <ClInclude Include="framework.h">
      <Filter>Header Files</Filter>
    </ClInclude>
    <ClInclude Include="targetver.h">
      <Filter>Header Files</Filter>
    </ClInclude>
    <ClInclude Include="Resource.h">
      <Filter>Header Files</Filter>
    </ClInclude>
    <ClInclude Include="ShareApp.h">
      <Filter>Header Files</Filter>
    </ClInclude>
    <ClInclude Include="UIConstants.h">
      <Filter>Header Files</Filter>
    </ClInclude>
    <ClInclude Include="ChatModels.h">
      <Filter>Header Files</Filter>
    </ClInclude>
    <ClInclude Include="ModernUI.h">
      <Filter>Header Files</Filter>
    </ClInclude>
    <ClInclude Include="ChatManager.h">
      <Filter>Header Files</Filter>
    </ClInclude>
    <ClInclude Include="FileManager.h">
      <Filter>Header Files</Filter>
    </ClInclude>
    <ClInclude Include="UIManager.h">
      <Filter>Header Files</Filter>
    </ClInclude>
    <ClInclude Include="WindowProcs.h">
      <Filter>Header Files</Filter>
    </ClInclude>
    <ClInclude Include="PackageIdentity.h">
      <Filter>Header Files</Filter>
    </ClInclude>
    <ClInclude Include="ContactSelectionDialog.h">
      <Filter>Header Files</Filter>
    </ClInclude>
    <ClInclude Include="ShareTargetManager.h">
      <Filter>Header Files</Filter>
    </ClInclude>
    <ClInclude Include="HelloWorldClient.h">
      <Filter>Header Files</Filter>
    </ClInclude>
  </ItemGroup>
  <ItemGroup>
    <ClCompile Include="ShareApp.cpp">
      <Filter>Source Files</Filter>
    </ClCompile>
    <ClCompile Include="ChatModels.cpp">
      <Filter>Source Files</Filter>
    </ClCompile>
    <ClCompile Include="ModernUI.cpp">
      <Filter>Source Files</Filter>
    </ClCompile>
    <ClCompile Include="ChatManager.cpp">
      <Filter>Source Files</Filter>
    </ClCompile>
    <ClCompile Include="FileManager.cpp">
      <Filter>Source Files</Filter>
    </ClCompile>
    <ClCompile Include="UIManager.cpp">
      <Filter>Source Files</Filter>
    </ClCompile>
    <ClCompile Include="WindowProcs.cpp">
      <Filter>Source Files</Filter>
    </ClCompile>
    <ClCompile Include="PackageIdentity.cpp">
      <Filter>Source Files</Filter>
    </ClCompile>
    <ClCompile Include="ContactSelectionDialog.cpp">
      <Filter>Source Files</Filter>
    </ClCompile>
    <ClCompile Include="ShareTargetManager.cpp">
      <Filter>Source Files</Filter>
    </ClCompile>
    <ClCompile Include="HelloWorldClient.cpp">
      <Filter>Source Files</Filter>
    </ClCompile>
  </ItemGroup>
  <ItemGroup>
    <ResourceCompile Include="ShareApp.rc">
      <Filter>Resource Files</Filter>
    </ResourceCompile>
  </ItemGroup>
  <ItemGroup>
    <Image Include="small.ico">
      <Filter>Resource Files</Filter>
    </Image>
    <Image Include="ShareApp.ico">
      <Filter>Resource Files</Filter>
    </Image>
  </ItemGroup>
  <ItemGroup>
    <Manifest Include="ShareApp.exe.manifest" />
  </ItemGroup>
  <ItemGroup>
    <None Include="ContactList_ScrollingFix_Complete.md" />
    <None Include="ContactSelection_PopulationFix_Complete.md" />
    <None Include="DuplicateContactDialog_Fix_Complete.md" />
    <None Include="FilePicker_ContactDialog_Removal_Complete.md" />
    <None Include="ShareOnlyMode_Implementation_Complete.md" />
    <None Include="ShareTarget_ContactSelection_Complete.md" />
    <None Include="ShareTarget_MessageFix_Complete.md" />
    <None Include="PackageApplicationParenting_Complete.md" />
    <None Include="PackageManagerAPI_Implementation_Complete.md" />
  </ItemGroup>
</Project>